
Microsoft Visual Studio Solution File, Format Version 12.00
# Visual Studio Version 17
VisualStudioVersion = 17.7.34031.279
MinimumVisualStudioVersion = 10.0.40219.1
Project("{9A19103F-16F7-4668-BE54-9A1E7A4F7556}") = "Library_Management_System", "Library_Management_System\Library_Management_System.csproj", "{8EE89141-3060-4789-8A4B-35B8DC519A2A}"
EndProject
Global
	GlobalSection(SolutionConfigurationPlatforms) = preSolution
		Debug|Any CPU = Debug|Any CPU
		Release|Any CPU = Release|Any CPU
	EndGlobalSection
	GlobalSection(ProjectConfigurationPlatforms) = postSolution
		{8EE89141-3060-4789-8A4B-35B8DC519A2A}.Debug|Any CPU.ActiveCfg = Debug|Any CPU
		{8EE89141-3060-4789-8A4B-35B8DC519A2A}.Debug|Any CPU.Build.0 = Debug|Any CPU
		{8EE89141-3060-4789-8A4B-35B8DC519A2A}.Release|Any CPU.ActiveCfg = Release|Any CPU
		{8EE89141-3060-4789-8A4B-35B8DC519A2A}.Release|Any CPU.Build.0 = Release|Any CPU
	EndGlobalSection
	GlobalSection(SolutionProperties) = preSolution
		HideSolutionNode = FALSE
	EndGlobalSection
	GlobalSection(ExtensibilityGlobals) = postSolution
		SolutionGuid = {02A5D1CB-1FED-46AA-AA36-A14997B30796}
	EndGlobalSection
EndGlobal
